
Microsoft Visual Studio Solution File, Format Version 12.00
# Visual Studio 15
VisualStudioVersion = 15.0.27004.2006
MinimumVisualStudioVersion = 10.0.40219.1
Project("{FAE04EC0-301F-11D3-BF4B-00C04F79EFBC}") = "SearchForFilesProject", "SearchForFilesProject\SearchForFilesProject.csproj", "{354F50F9-3D22-43E5-BC11-3598C8B5C3A2}"
	ProjectSection(ProjectDependencies) = postProject
		{22D31E3B-C3CD-4343-A29D-04D46C327FDC} = {22D31E3B-C3CD-4343-A29D-04D46C327FDC}
		{E2A82398-36C2-4794-BA1F-21B9DC175BAE} = {E2A82398-36C2-4794-BA1F-21B9DC175BAE}
		{85D2A5A1-871F-4F55-B8A5-B57045B51C33} = {85D2A5A1-871F-4F55-B8A5-B57045B51C33}
		{D85AFAD6-8957-4DB4-8CE7-65E6E621409B} = {D85AFAD6-8957-4DB4-8CE7-65E6E621409B}
	EndProjectSection
EndProject
Project("{FAE04EC0-301F-11D3-BF4B-00C04F79EFBC}") = "BOL", "BOL\BOL.csproj", "{22D31E3B-C3CD-4343-A29D-04D46C327FDC}"
EndProject
Project("{FAE04EC0-301F-11D3-BF4B-00C04F79EFBC}") = "UIL", "UIL\UIL.csproj", "{85D2A5A1-871F-4F55-B8A5-B57045B51C33}"
EndProject
Project("{FAE04EC0-301F-11D3-BF4B-00C04F79EFBC}") = "DAL", "DAL\DAL.csproj", "{E2A82398-36C2-4794-BA1F-21B9DC175BAE}"
EndProject
Project("{FAE04EC0-301F-11D3-BF4B-00C04F79EFBC}") = "BLL", "BLL\BLL.csproj", "{D85AFAD6-8957-4DB4-8CE7-65E6E621409B}"
EndProject
Global
	GlobalSection(SolutionConfigurationPlatforms) = preSolution
		Debug|Any CPU = Debug|Any CPU
		Release|Any CPU = Release|Any CPU
	EndGlobalSection
	GlobalSection(ProjectConfigurationPlatforms) = postSolution
		{354F50F9-3D22-43E5-BC11-3598C8B5C3A2}.Debug|Any CPU.ActiveCfg = Debug|Any CPU
		{354F50F9-3D22-43E5-BC11-3598C8B5C3A2}.Debug|Any CPU.Build.0 = Debug|Any CPU
		{354F50F9-3D22-43E5-BC11-3598C8B5C3A2}.Release|Any CPU.ActiveCfg = Release|Any CPU
		{354F50F9-3D22-43E5-BC11-3598C8B5C3A2}.Release|Any CPU.Build.0 = Release|Any CPU
		{22D31E3B-C3CD-4343-A29D-04D46C327FDC}.Debug|Any CPU.ActiveCfg = Debug|Any CPU
		{22D31E3B-C3CD-4343-A29D-04D46C327FDC}.Debug|Any CPU.Build.0 = Debug|Any CPU
		{22D31E3B-C3CD-4343-A29D-04D46C327FDC}.Release|Any CPU.ActiveCfg = Release|Any CPU
		{22D31E3B-C3CD-4343-A29D-04D46C327FDC}.Release|Any CPU.Build.0 = Release|Any CPU
		{85D2A5A1-871F-4F55-B8A5-B57045B51C33}.Debug|Any CPU.ActiveCfg = Debug|Any CPU
		{85D2A5A1-871F-4F55-B8A5-B57045B51C33}.Debug|Any CPU.Build.0 = Debug|Any CPU
		{85D2A5A1-871F-4F55-B8A5-B57045B51C33}.Release|Any CPU.ActiveCfg = Release|Any CPU
		{85D2A5A1-871F-4F55-B8A5-B57045B51C33}.Release|Any CPU.Build.0 = Release|Any CPU
		{E2A82398-36C2-4794-BA1F-21B9DC175BAE}.Debug|Any CPU.ActiveCfg = Debug|Any CPU
		{E2A82398-36C2-4794-BA1F-21B9DC175BAE}.Debug|Any CPU.Build.0 = Debug|Any CPU
		{E2A82398-36C2-4794-BA1F-21B9DC175BAE}.Release|Any CPU.ActiveCfg = Release|Any CPU
		{E2A82398-36C2-4794-BA1F-21B9DC175BAE}.Release|Any CPU.Build.0 = Release|Any CPU
		{D85AFAD6-8957-4DB4-8CE7-65E6E621409B}.Debug|Any CPU.ActiveCfg = Debug|Any CPU
		{D85AFAD6-8957-4DB4-8CE7-65E6E621409B}.Debug|Any CPU.Build.0 = Debug|Any CPU
		{D85AFAD6-8957-4DB4-8CE7-65E6E621409B}.Release|Any CPU.ActiveCfg = Release|Any CPU
		{D85AFAD6-8957-4DB4-8CE7-65E6E621409B}.Release|Any CPU.Build.0 = Release|Any CPU
	EndGlobalSection
	GlobalSection(SolutionProperties) = preSolution
		HideSolutionNode = FALSE
	EndGlobalSection
	GlobalSection(ExtensibilityGlobals) = postSolution
		SolutionGuid = {406AA754-81A8-478F-841C-85F07345E27D}
	EndGlobalSection
EndGlobal
